# Images used by the pipeline, pinned by digest. Pulled/built once during bootstrap (networked);
# every later step uses them from the local Docker store only.
#
# Phase 0: snapshot tooling
protomaps/go-pmtiles@sha256:06574f01f55a78f78f887bc7ebf729a5c093c0d6e17d9876300cfcb0758b59d3   # pmtiles v1.31.2
indigoag/tippecanoe@sha256:62914726c0300e78bb2ca60fcce97d85995255caad5f10e78dc2e1bd59cec900    # tippecanoe v2.23.0
aperture/osmium:1  local sha256:4f2ceb864b4d8cb1652862549ee7b7eb5e7f99ef23595c09db14051a022c97a0  # bootstrap/tools/osmium.Dockerfile, osmium 1.18.0
#
# Phase 1: database + Python runtime (pinned by digest in docker-compose.yml / Dockerfiles)
timescale/timescaledb-ha@sha256:3e3440ab4c2aa585e743b1d8466cda9bbf18b6c598ec7806cf61e02fa5cd1d1a  # pg17.11, PostGIS 3.6.4, TimescaleDB 2.30.1
python@sha256:51dafde81dbdb6ebde285137a295cf18a47ca95234fe388a343719cb97305b3d              # python:3.14-slim
ghcr.io/astral-sh/uv@sha256:04d046b13e60d6bcec73cbc5e1cad25d680dea90c8573340950a0ac2d1aef424  # uv 0.12.19
curlimages/curl@sha256:58adaa4e8dca9c988bae2aba4ab3434a0bb2da16bbe3f92dec39ec7785166777      # probe
aperture/py-deps:latest  local sha256:ada1159fffc03bff658955f6f25b7e36de92a1574af8515ca7eff2e52619d197  # bootstrap/build_deps.py, lock d6e3a19adbef (Phase 2: + mcp, httpx, tzdata)
#
# Phase 2: no new third-party images. llm-relay is stdlib Python on the pinned python:3.14-slim.
#
# Phase 3: tiles, edge, frontend toolchain, browser tests
ghcr.io/maplibre/martin@sha256:59902019bf9038926ff0c71174237d6852e64c457830a6349abe7090be8818ca                # martin 1.16.1 (tiles/Dockerfile)
nginxinc/nginx-unprivileged@sha256:4714e0b1b2577eaa1a6131d07c958b67f0eb68e6d0521e90c6e5287db8cf0bc5            # 1.30.5-alpine, the edge
node@sha256:0e0ff40c39bc087845bfb27465a0df4ea419520094bc35842ff83dd8cbe6f9b6                                   # node:24-slim
mcr.microsoft.com/playwright@sha256:eff16c30e6f3f4af0a03fa4b706120d5e9b0891c344a27d64559aff5900a4a27           # v1.63.0-noble
aperture/node-deps:latest  local sha256:a4c0af92cb1bcf7cfce28ce27f38037e9ddb8c488802c6bafa48375040c0b9cb  # bootstrap/build_deps.py node, lock 616b9ae121ab
aperture/e2e-deps:latest   local sha256:8800558c3d3c77f7851479fe18ff7464b37b0c67aa0379e9b50bc8f400c67831  # bootstrap/build_deps.py e2e, lock 35eef1dc8ee0
#
# Phase 4: local Kubernetes (one-time, networked: `minikube start -p aperture --driver=docker
# --cpus=6 --memory=12g --cni=calico`). Tools via winget: minikube 1.39.0, Helm 4.3.0.
gcr.io/k8s-minikube/kicbase@sha256:146cd636030e41a49c082986729f4bd97fd68326ff1e3b4221b4c24d61926eeb  # v0.0.51, the node
#   in-node (minikube preload + CNI): Kubernetes v1.37.0 on containerd 2.3.4, Calico v3.32.2,
#   CoreDNS v1.14.6, etcd 3.7.0-0, storage-provisioner v5
# App/db/probe images are never pulled by the cluster: scripts/k8s.py copies them from the local
# Docker store (`minikube image load`) under <tag>-<linux/amd64 manifest digest12> tags; every pod
# is imagePullPolicy Never.
